{
    "_readme": [
        "This file locks the dependencies of your project to a known state",
        "Read more about it at https://getcomposer.org/doc/01-basic-usage.md#installing-dependencies",
        "This file is @generated automatically"
    ],
    "content-hash": "71c4dd44214e1804fc017cac2efb832c",
    "packages": [
        {
            "name": "bower-asset/bootstrap",
            "version": "v3.3.7",
            "source": {
                "type": "git",
                "url": "git@github.com:twbs/bootstrap.git",
                "reference": "0b9c4a4007c44201dce9a6cc1a38407005c26c86"
            },
            "dist": {
                "type": "zip",
                "url": "https://api.github.com/repos/twbs/bootstrap/zipball/0b9c4a4007c44201dce9a6cc1a38407005c26c86",
                "reference": "0b9c4a4007c44201dce9a6cc1a38407005c26c86"
            },
            "require": {
                "bower-asset/jquery": ">=1.9.1,<4.0"
            },
            "type": "bower-asset",
            "license": [
                "MIT"
            ]
        },
        {
            "name": "bower-asset/font-awesome",
            "version": "5.5.0",
            "source": {
                "type": "git",
                "url": "https://github.com/FortAwesome/Font-Awesome.git",
                "reference": "4f4cb7c2f55d14d24f10390ebfeab0d25af612f3"
            },
            "dist": {
                "type": "zip",
                "url": "https://api.github.com/repos/FortAwesome/Font-Awesome/zipball/4f4cb7c2f55d14d24f10390ebfeab0d25af612f3",
                "reference": "4f4cb7c2f55d14d24f10390ebfeab0d25af612f3"
            },
            "type": "bower-asset"
        },
        {
            "name": "bower-asset/jquery",
            "version": "3.4.1",
            "source": {
                "type": "git",
                "url": "git@github.com:jquery/jquery-dist.git",
                "reference": "15bc73803f76bc53b654b9fdbbbc096f56d7c03d"
            },
            "dist": {
                "type": "zip",
                "url": "https://api.github.com/repos/jquery/jquery-dist/zipball/15bc73803f76bc53b654b9fdbbbc096f56d7c03d",
                "reference": "15bc73803f76bc53b654b9fdbbbc096f56d7c03d"
            },
            "type": "bower-asset",
            "license": [
                "MIT"
            ]
        },
        {
            "name": "nrel/eere_app_custom",
            "version": "dev-master",
            "source": {
                "type": "git",
                "url": "https://github.com/NREL/eere_app_custom.git",
                "reference": "64678e2a134dd36dad57964c460f2ab0b7b01bc7"
            },
            "dist": {
                "type": "zip",
                "url": "https://api.github.com/repos/NREL/eere_app_custom/zipball/64678e2a134dd36dad57964c460f2ab0b7b01bc7",
                "reference": "64678e2a134dd36dad57964c460f2ab0b7b01bc7",
                "shasum": ""
            },
            "type": "drupal-module",
            "notification-url": "https://packagist.org/downloads/",
            "license": [
                "GPL-2.0+"
            ],
            "authors": [
                {
                    "name": "Shaun Laws (slaws)",
                    "email": "shaun.laws@nrel.gov",
                    "role": "Maintainer"
                }
            ],
            "description": "Companion module for bootstrap_eere_app Drupal 7 theme",
            "time": "2019-12-02T16:27:01+00:00"
        }
    ],
    "packages-dev": [],
    "aliases": [],
    "minimum-stability": "alpha",
    "stability-flags": {
        "nrel/eere_app_custom": 20
    },
    "prefer-stable": false,
    "prefer-lowest": false,
    "platform": [],
    "platform-dev": []
}
