{
    "_readme": [
        "This file locks the dependencies of your project to a known state",
        "Read more about it at https://getcomposer.org/doc/01-basic-usage.md#installing-dependencies",
        "This file is @generated automatically"
    ],
    "content-hash": "51fe064b67511d4d152bb8b7977293f7",
    "packages": [
        {
            "name": "bower-asset/bootstrap",
            "version": "v3.3.7",
            "source": {
                "type": "git",
                "url": "https://github.com/twbs/bootstrap.git",
                "reference": "0b9c4a4007c44201dce9a6cc1a38407005c26c86"
            },
            "dist": {
                "type": "zip",
                "url": "https://api.github.com/repos/twbs/bootstrap/zipball/0b9c4a4007c44201dce9a6cc1a38407005c26c86",
                "reference": "0b9c4a4007c44201dce9a6cc1a38407005c26c86",
                "shasum": null
            },
            "require": {
                "bower-asset/jquery": ">=1.9.1,<4.0"
            },
            "type": "bower-asset",
            "license": [
                "MIT"
            ]
        },
        {
            "name": "bower-asset/font-awesome",
            "version": "5.5.0",
            "source": {
                "type": "git",
                "url": "https://github.com/FortAwesome/Font-Awesome.git",
                "reference": "4f4cb7c2f55d14d24f10390ebfeab0d25af612f3"
            },
            "dist": {
                "type": "zip",
                "url": "https://api.github.com/repos/FortAwesome/Font-Awesome/zipball/4f4cb7c2f55d14d24f10390ebfeab0d25af612f3",
                "reference": "4f4cb7c2f55d14d24f10390ebfeab0d25af612f3",
                "shasum": null
            },
            "type": "bower-asset"
        },
        {
            "name": "bower-asset/jquery",
            "version": "3.3.1",
            "source": {
                "type": "git",
                "url": "https://github.com/jquery/jquery-dist.git",
                "reference": "9e8ec3d10fad04748176144f108d7355662ae75e"
            },
            "dist": {
                "type": "zip",
                "url": "https://api.github.com/repos/jquery/jquery-dist/zipball/9e8ec3d10fad04748176144f108d7355662ae75e",
                "reference": "9e8ec3d10fad04748176144f108d7355662ae75e",
                "shasum": null
            },
            "type": "bower-asset",
            "license": [
                "MIT"
            ]
        },
        {
            "name": "drupal/bootstrap",
            "version": "3.23.0",
            "source": {
                "type": "git",
                "url": "https://git.drupal.org/project/bootstrap",
                "reference": "7.x-3.23"
            },
            "dist": {
                "type": "zip",
                "url": "https://ftp.drupal.org/files/projects/bootstrap-7.x-3.23.zip",
                "reference": "7.x-3.23",
                "shasum": "2d52bdf353801a05d374d4274bcf6180d90e80c7"
            },
            "require": {
                "drupal/drupal": "~7.0"
            },
            "type": "drupal-theme",
            "extra": {
                "branch-alias": {
                    "dev-3.x": "3.x-dev"
                },
                "drupal": {
                    "version": "7.x-3.23",
                    "datestamp": "1548102180",
                    "security-coverage": {
                        "status": "covered",
                        "message": "Covered by Drupal's security advisory policy"
                    }
                }
            },
            "notification-url": "https://packages.drupal.org/7/downloads",
            "license": [
                "GPL-2.0"
            ],
            "authors": [
                {
                    "name": "Mark Carver (markcarver)",
                    "homepage": "https://www.drupal.org/u/markcarver",
                    "role": "Maintainer"
                },
                {
                    "name": "John McCormick (neardark)",
                    "homepage": "https://www.drupal.org/u/neardark",
                    "role": "Co-maintainer"
                },
                {
                    "name": "Fabiano Sant'Ana (wundo)",
                    "homepage": "https://www.drupal.org/u/wundo",
                    "role": "Co-maintainer"
                },
                {
                    "name": "wundo",
                    "homepage": "https://www.drupal.org/user/25523"
                }
            ],
            "description": "Built to use Bootstrap, a sleek, intuitive, and powerful front-end framework for faster and easier web development.",
            "homepage": "https://www.drupal.org/project/bootstrap",
            "support": {
                "source": "http://cgit.drupalcode.org/bootstrap",
                "docs": "https://drupal-bootstrap.org",
                "issues": "https://www.drupal.org/project/issues/bootstrap",
                "irc": "irc://irc.freenode.org/drupal-bootstrap"
            }
        },
        {
            "name": "drupal/drupal",
            "version": "7.63.0",
            "source": {
                "type": "git",
                "url": "https://git.drupal.org/project/drupal",
                "reference": "7.63"
            },
            "dist": {
                "type": "zip",
                "url": "https://ftp.drupal.org/files/projects/drupal-7.63.zip",
                "reference": "7.63",
                "shasum": "c85cfa730e69f4566db64328cf5a573b9c46f9f9"
            },
            "type": "drupal-core",
            "extra": {
                "branch-alias": {
                    "dev-7.x": "7.x-dev"
                },
                "drupal": {
                    "version": "7.63",
                    "datestamp": "1547869298",
                    "security-coverage": {
                        "status": "covered",
                        "message": "Covered by Drupal's security advisory policy"
                    }
                }
            },
            "notification-url": "https://packages.drupal.org/7/downloads",
            "license": [
                "GPL-2.0-or-later"
            ],
            "authors": [
                {
                    "name": "David_Rothstein",
                    "homepage": "https://www.drupal.org/user/124982"
                },
                {
                    "name": "Dries",
                    "homepage": "https://www.drupal.org/user/1"
                },
                {
                    "name": "Drupal",
                    "homepage": "https://www.drupal.org/user/3"
                },
                {
                    "name": "Fabianx",
                    "homepage": "https://www.drupal.org/user/693738"
                },
                {
                    "name": "Gábor Hojtsy",
                    "homepage": "https://www.drupal.org/user/4166"
                },
                {
                    "name": "alexpott",
                    "homepage": "https://www.drupal.org/user/157725"
                },
                {
                    "name": "catch",
                    "homepage": "https://www.drupal.org/user/35733"
                },
                {
                    "name": "cilefen",
                    "homepage": "https://www.drupal.org/user/1850070"
                },
                {
                    "name": "drumm",
                    "homepage": "https://www.drupal.org/user/3064"
                },
                {
                    "name": "effulgentsia",
                    "homepage": "https://www.drupal.org/user/78040"
                },
                {
                    "name": "larowlan",
                    "homepage": "https://www.drupal.org/user/395439"
                },
                {
                    "name": "lauriii",
                    "homepage": "https://www.drupal.org/user/1078742"
                },
                {
                    "name": "plach",
                    "homepage": "https://www.drupal.org/user/183211"
                },
                {
                    "name": "stefan.r",
                    "homepage": "https://www.drupal.org/user/551886"
                },
                {
                    "name": "webchick",
                    "homepage": "https://www.drupal.org/user/24967"
                },
                {
                    "name": "xjm",
                    "homepage": "https://www.drupal.org/user/65776"
                },
                {
                    "name": "yoroy",
                    "homepage": "https://www.drupal.org/user/41502"
                }
            ],
            "homepage": "https://www.drupal.org/project/drupal",
            "support": {
                "source": "http://cgit.drupalcode.org/drupal"
            }
        }
    ],
    "packages-dev": [],
    "aliases": [],
    "minimum-stability": "alpha",
    "stability-flags": [],
    "prefer-stable": false,
    "prefer-lowest": false,
    "platform": [],
    "platform-dev": []
}
